
Microsoft Visual Studio Solution File, Format Version 12.00
# Visual Studio 15
VisualStudioVersion = 15.0.28307.1433
MinimumVisualStudioVersion = 10.0.40219.1
Project("{F184B08F-C81C-45F6-A57F-5ABD9991F28F}") = "VetoGest", "VetoGest\VetoGest.vbproj", "{0416FD5A-9361-44CD-A5B6-7E654262F8B5}"
EndProject
Project("{F184B08F-C81C-45F6-A57F-5ABD9991F28F}") = "VetoGest.Data", "VetoGest.Data\VetoGest.Data.vbproj", "{DF718DA6-E8F9-46BE-B7E8-A9E0D15319C2}"
EndProject
Global
	GlobalSection(SolutionConfigurationPlatforms) = preSolution
		Debug|Any CPU = Debug|Any CPU
		Release|Any CPU = Release|Any CPU
	EndGlobalSection
	GlobalSection(ProjectConfigurationPlatforms) = postSolution
		{0416FD5A-9361-44CD-A5B6-7E654262F8B5}.Debug|Any CPU.ActiveCfg = Debug|Any CPU
		{0416FD5A-9361-44CD-A5B6-7E654262F8B5}.Debug|Any CPU.Build.0 = Debug|Any CPU
		{0416FD5A-9361-44CD-A5B6-7E654262F8B5}.Release|Any CPU.ActiveCfg = Release|Any CPU
		{0416FD5A-9361-44CD-A5B6-7E654262F8B5}.Release|Any CPU.Build.0 = Release|Any CPU
		{DF718DA6-E8F9-46BE-B7E8-A9E0D15319C2}.Debug|Any CPU.ActiveCfg = Debug|Any CPU
		{DF718DA6-E8F9-46BE-B7E8-A9E0D15319C2}.Debug|Any CPU.Build.0 = Debug|Any CPU
		{DF718DA6-E8F9-46BE-B7E8-A9E0D15319C2}.Release|Any CPU.ActiveCfg = Release|Any CPU
		{DF718DA6-E8F9-46BE-B7E8-A9E0D15319C2}.Release|Any CPU.Build.0 = Release|Any CPU
	EndGlobalSection
	GlobalSection(SolutionProperties) = preSolution
		HideSolutionNode = FALSE
	EndGlobalSection
	GlobalSection(ExtensibilityGlobals) = postSolution
		SolutionGuid = {645F2211-F055-4621-8702-FBA353D93FF7}
	EndGlobalSection
EndGlobal
